
Microsoft Visual Studio Solution File, Format Version 12.00
# Visual Studio 2013
VisualStudioVersion = 12.0.0.0
MinimumVisualStudioVersion = 10.0.0.1
Project("{FAE04EC0-301F-11D3-BF4B-00C04F79EFBC}") = "HandHistories.Parser", "HandHistories.Parser\HandHistories.Parser.csproj", "{C6AAF475-FD99-4C24-97C8-05BDE49C77D1}"
EndProject
Project("{FAE04EC0-301F-11D3-BF4B-00C04F79EFBC}") = "HandHistories.Objects.Tests", "HandHistories.Objects.Tests\HandHistories.Objects.Tests.csproj", "{E04239D9-2435-4061-A16B-3B2FEF5F1967}"
EndProject
Project("{FAE04EC0-301F-11D3-BF4B-00C04F79EFBC}") = "HandHistories.Parser.Tests", "HandHistories.Parser.Tests\HandHistories.Parser.Tests.csproj", "{6B7A7CC8-3892-4C5D-AEE3-5D812056473D}"
EndProject
Project("{FAE04EC0-301F-11D3-BF4B-00C04F79EFBC}") = "HandHistories.Objects", "HandHistories.Objects\HandHistories.Objects.csproj", "{B7DE3800-5354-4881-9032-8268F4FE981D}"
EndProject
Project("{FAE04EC0-301F-11D3-BF4B-00C04F79EFBC}") = "HandHistories.Parser.ConsoleTestApp", "HandHistories.Parser.ConsoleTestApp\HandHistories.Parser.ConsoleTestApp.csproj", "{28017E8A-5441-411F-A265-6BE81563E54B}"
EndProject
Project("{FAE04EC0-301F-11D3-BF4B-00C04F79EFBC}") = "PokerMonkey.Stats", "PokerMonkey.Stats\PokerMonkey.Stats.csproj", "{38DE6EE1-D5F9-40E7-A35F-20233D3BA042}"
EndProject
Project("{f2a71f9b-5d33-465a-a702-920d77279786}") = "PokerMonkey.FunctionalStats", "PokerMonkey.FunctionalStats\PokerMonkey.FunctionalStats.fsproj", "{6C9B2AFE-5DCC-4A8C-8E70-46E2FD086B79}"
EndProject
Project("{f2a71f9b-5d33-465a-a702-920d77279786}") = "PokerMonkey.FunctionalTestConsole", "PokerMonkey.FunctionalTestConsole\PokerMonkey.FunctionalTestConsole.fsproj", "{96EEB3A2-A626-402A-BE4C-8976BF1EA704}"
EndProject
Global
	GlobalSection(SolutionConfigurationPlatforms) = preSolution
		Debug|Any CPU = Debug|Any CPU
		Release|Any CPU = Release|Any CPU
	EndGlobalSection
	GlobalSection(ProjectConfigurationPlatforms) = postSolution
		{C6AAF475-FD99-4C24-97C8-05BDE49C77D1}.Debug|Any CPU.ActiveCfg = Debug|Any CPU
		{C6AAF475-FD99-4C24-97C8-05BDE49C77D1}.Debug|Any CPU.Build.0 = Debug|Any CPU
		{C6AAF475-FD99-4C24-97C8-05BDE49C77D1}.Release|Any CPU.ActiveCfg = Release|Any CPU
		{C6AAF475-FD99-4C24-97C8-05BDE49C77D1}.Release|Any CPU.Build.0 = Release|Any CPU
		{E04239D9-2435-4061-A16B-3B2FEF5F1967}.Debug|Any CPU.ActiveCfg = Debug|Any CPU
		{E04239D9-2435-4061-A16B-3B2FEF5F1967}.Debug|Any CPU.Build.0 = Debug|Any CPU
		{E04239D9-2435-4061-A16B-3B2FEF5F1967}.Release|Any CPU.ActiveCfg = Release|Any CPU
		{E04239D9-2435-4061-A16B-3B2FEF5F1967}.Release|Any CPU.Build.0 = Release|Any CPU
		{6B7A7CC8-3892-4C5D-AEE3-5D812056473D}.Debug|Any CPU.ActiveCfg = Debug|Any CPU
		{6B7A7CC8-3892-4C5D-AEE3-5D812056473D}.Debug|Any CPU.Build.0 = Debug|Any CPU
		{6B7A7CC8-3892-4C5D-AEE3-5D812056473D}.Release|Any CPU.ActiveCfg = Release|Any CPU
		{6B7A7CC8-3892-4C5D-AEE3-5D812056473D}.Release|Any CPU.Build.0 = Release|Any CPU
		{B7DE3800-5354-4881-9032-8268F4FE981D}.Debug|Any CPU.ActiveCfg = Debug|Any CPU
		{B7DE3800-5354-4881-9032-8268F4FE981D}.Debug|Any CPU.Build.0 = Debug|Any CPU
		{B7DE3800-5354-4881-9032-8268F4FE981D}.Release|Any CPU.ActiveCfg = Release|Any CPU
		{B7DE3800-5354-4881-9032-8268F4FE981D}.Release|Any CPU.Build.0 = Release|Any CPU
		{28017E8A-5441-411F-A265-6BE81563E54B}.Debug|Any CPU.ActiveCfg = Debug|Any CPU
		{28017E8A-5441-411F-A265-6BE81563E54B}.Debug|Any CPU.Build.0 = Debug|Any CPU
		{28017E8A-5441-411F-A265-6BE81563E54B}.Release|Any CPU.ActiveCfg = Release|Any CPU
		{28017E8A-5441-411F-A265-6BE81563E54B}.Release|Any CPU.Build.0 = Release|Any CPU
		{38DE6EE1-D5F9-40E7-A35F-20233D3BA042}.Debug|Any CPU.ActiveCfg = Debug|Any CPU
		{38DE6EE1-D5F9-40E7-A35F-20233D3BA042}.Debug|Any CPU.Build.0 = Debug|Any CPU
		{38DE6EE1-D5F9-40E7-A35F-20233D3BA042}.Release|Any CPU.ActiveCfg = Release|Any CPU
		{38DE6EE1-D5F9-40E7-A35F-20233D3BA042}.Release|Any CPU.Build.0 = Release|Any CPU
		{6C9B2AFE-5DCC-4A8C-8E70-46E2FD086B79}.Debug|Any CPU.ActiveCfg = Debug|Any CPU
		{6C9B2AFE-5DCC-4A8C-8E70-46E2FD086B79}.Debug|Any CPU.Build.0 = Debug|Any CPU
		{6C9B2AFE-5DCC-4A8C-8E70-46E2FD086B79}.Release|Any CPU.ActiveCfg = Release|Any CPU
		{6C9B2AFE-5DCC-4A8C-8E70-46E2FD086B79}.Release|Any CPU.Build.0 = Release|Any CPU
		{96EEB3A2-A626-402A-BE4C-8976BF1EA704}.Debug|Any CPU.ActiveCfg = Debug|Any CPU
		{96EEB3A2-A626-402A-BE4C-8976BF1EA704}.Debug|Any CPU.Build.0 = Debug|Any CPU
		{96EEB3A2-A626-402A-BE4C-8976BF1EA704}.Release|Any CPU.ActiveCfg = Release|Any CPU
		{96EEB3A2-A626-402A-BE4C-8976BF1EA704}.Release|Any CPU.Build.0 = Release|Any CPU
	EndGlobalSection
	GlobalSection(SolutionProperties) = preSolution
		HideSolutionNode = FALSE
	EndGlobalSection
	GlobalSection(MonoDevelopProperties) = preSolution
		Policies = $0
		$0.TextStylePolicy = $1
		$1.FileWidth = 80
		$1.TabsToSpaces = True
		$1.scope = text/x-csharp
		$0.CSharpFormattingPolicy = $2
		$2.scope = text/x-csharp
	EndGlobalSection
EndGlobal
